
Microsoft Visual Studio Solution File, Format Version 12.00
# Visual Studio Version 16
VisualStudioVersion = 16.0.29609.76
MinimumVisualStudioVersion = 10.0.40219.1
Project("{9A19103F-16F7-4668-BE54-9A1E7A4F7556}") = "CarsalesApp", "CarsalesApp.csproj", "{705A1024-ACE3-4208-8BC6-8AB3CBCEAE31}"
EndProject
Project("{9A19103F-16F7-4668-BE54-9A1E7A4F7556}") = "BusinessLibrary", "..\BusinessLibrary\BusinessLibrary.csproj", "{7F9EFC2F-A03B-40F2-9941-11739B25260F}"
EndProject
Project("{9A19103F-16F7-4668-BE54-9A1E7A4F7556}") = "DataAccessLibrary", "..\DataAccessLibrary\DataAccessLibrary.csproj", "{313D091B-5A58-438D-8E12-FD4A6CC464F4}"
EndProject
Global
	GlobalSection(SolutionConfigurationPlatforms) = preSolution
		Debug|Any CPU = Debug|Any CPU
		Release|Any CPU = Release|Any CPU
	EndGlobalSection
	GlobalSection(ProjectConfigurationPlatforms) = postSolution
		{705A1024-ACE3-4208-8BC6-8AB3CBCEAE31}.Debug|Any CPU.ActiveCfg = Debug|Any CPU
		{705A1024-ACE3-4208-8BC6-8AB3CBCEAE31}.Debug|Any CPU.Build.0 = Debug|Any CPU
		{705A1024-ACE3-4208-8BC6-8AB3CBCEAE31}.Release|Any CPU.ActiveCfg = Release|Any CPU
		{705A1024-ACE3-4208-8BC6-8AB3CBCEAE31}.Release|Any CPU.Build.0 = Release|Any CPU
		{7F9EFC2F-A03B-40F2-9941-11739B25260F}.Debug|Any CPU.ActiveCfg = Debug|Any CPU
		{7F9EFC2F-A03B-40F2-9941-11739B25260F}.Debug|Any CPU.Build.0 = Debug|Any CPU
		{7F9EFC2F-A03B-40F2-9941-11739B25260F}.Release|Any CPU.ActiveCfg = Release|Any CPU
		{7F9EFC2F-A03B-40F2-9941-11739B25260F}.Release|Any CPU.Build.0 = Release|Any CPU
		{313D091B-5A58-438D-8E12-FD4A6CC464F4}.Debug|Any CPU.ActiveCfg = Debug|Any CPU
		{313D091B-5A58-438D-8E12-FD4A6CC464F4}.Debug|Any CPU.Build.0 = Debug|Any CPU
		{313D091B-5A58-438D-8E12-FD4A6CC464F4}.Release|Any CPU.ActiveCfg = Release|Any CPU
		{313D091B-5A58-438D-8E12-FD4A6CC464F4}.Release|Any CPU.Build.0 = Release|Any CPU
	EndGlobalSection
	GlobalSection(SolutionProperties) = preSolution
		HideSolutionNode = FALSE
	EndGlobalSection
	GlobalSection(ExtensibilityGlobals) = postSolution
		SolutionGuid = {DF3220BF-A6D6-44BA-B282-F7E9ED051A99}
	EndGlobalSection
EndGlobal
